
Microsoft Visual Studio Solution File, Format Version 12.00
# Visual Studio 15
Project("{FAE04EC0-301F-11D3-BF4B-00C04F79EFBC}") = "Landis_SpatialModeling", "api\Landis_SpatialModeling.csproj", "{BC1BFAE2-A815-2335-9182-B9457D1B89A1}"
EndProject
Project("{FAE04EC0-301F-11D3-BF4B-00C04F79EFBC}") = "Landis_Landscapes", "Landscapes\Landis_Landscapes.csproj", "{BD895506-29A0-539C-7217-DFBDDE6C2424}"
EndProject
Project("{FAE04EC0-301F-11D3-BF4B-00C04F79EFBC}") = "Landis_RasterIO", "RasterIO\Landis_RasterIO.csproj", "{C8861E6A-3412-8C2E-3D23-0F23A92DE82E}"
EndProject
Project("{FAE04EC0-301F-11D3-BF4B-00C04F79EFBC}") = "Landis_RasterIO_Gdal", "RasterIO.Gdal\Landis_RasterIO_Gdal.csproj", "{DFC089D9-CB4F-13A3-746E-279E60DC2349}"
EndProject
Global
	GlobalSection(SolutionConfigurationPlatforms) = preSolution
		Debug|Any CPU = Debug|Any CPU
		Release|Any CPU = Release|Any CPU
	EndGlobalSection
	GlobalSection(ProjectConfigurationPlatforms) = postSolution
		{BC1BFAE2-A815-2335-9182-B9457D1B89A1}.Debug|Any CPU.ActiveCfg = Debug|Any CPU
		{BC1BFAE2-A815-2335-9182-B9457D1B89A1}.Debug|Any CPU.Build.0 = Debug|Any CPU
		{BC1BFAE2-A815-2335-9182-B9457D1B89A1}.Release|Any CPU.ActiveCfg = Release|Any CPU
		{BC1BFAE2-A815-2335-9182-B9457D1B89A1}.Release|Any CPU.Build.0 = Release|Any CPU
		{BD895506-29A0-539C-7217-DFBDDE6C2424}.Debug|Any CPU.ActiveCfg = Debug|Any CPU
		{BD895506-29A0-539C-7217-DFBDDE6C2424}.Debug|Any CPU.Build.0 = Debug|Any CPU
		{BD895506-29A0-539C-7217-DFBDDE6C2424}.Release|Any CPU.ActiveCfg = Release|Any CPU
		{BD895506-29A0-539C-7217-DFBDDE6C2424}.Release|Any CPU.Build.0 = Release|Any CPU
		{C8861E6A-3412-8C2E-3D23-0F23A92DE82E}.Debug|Any CPU.ActiveCfg = Debug|Any CPU
		{C8861E6A-3412-8C2E-3D23-0F23A92DE82E}.Debug|Any CPU.Build.0 = Debug|Any CPU
		{C8861E6A-3412-8C2E-3D23-0F23A92DE82E}.Release|Any CPU.ActiveCfg = Release|Any CPU
		{C8861E6A-3412-8C2E-3D23-0F23A92DE82E}.Release|Any CPU.Build.0 = Release|Any CPU
		{DFC089D9-CB4F-13A3-746E-279E60DC2349}.Debug|Any CPU.ActiveCfg = Debug|Any CPU
		{DFC089D9-CB4F-13A3-746E-279E60DC2349}.Debug|Any CPU.Build.0 = Debug|Any CPU
		{DFC089D9-CB4F-13A3-746E-279E60DC2349}.Release|Any CPU.ActiveCfg = Release|Any CPU
		{DFC089D9-CB4F-13A3-746E-279E60DC2349}.Release|Any CPU.Build.0 = Release|Any CPU
	EndGlobalSection
	GlobalSection(SolutionProperties) = preSolution
		HideSolutionNode = FALSE
	EndGlobalSection
EndGlobal
